
Microsoft Visual Studio Solution File, Format Version 12.00
# Visual Studio Version 17
VisualStudioVersion = 17.13.35806.99 d17.13
MinimumVisualStudioVersion = 10.0.40219.1
Project("{FAE04EC0-301F-11D3-BF4B-00C04F79EFBC}") = "OrderMicroservice", "OrderMicroservice\OrderMicroservice.csproj", "{F46C03B1-ABD2-4ACB-B26D-3F498C999BCD}"
EndProject
Global
	GlobalSection(SolutionConfigurationPlatforms) = preSolution
		Debug|Any CPU = Debug|Any CPU
		Release|Any CPU = Release|Any CPU
	EndGlobalSection
	GlobalSection(ProjectConfigurationPlatforms) = postSolution
		{F46C03B1-ABD2-4ACB-B26D-3F498C999BCD}.Debug|Any CPU.ActiveCfg = Debug|Any CPU
		{F46C03B1-ABD2-4ACB-B26D-3F498C999BCD}.Debug|Any CPU.Build.0 = Debug|Any CPU
		{F46C03B1-ABD2-4ACB-B26D-3F498C999BCD}.Release|Any CPU.ActiveCfg = Release|Any CPU
		{F46C03B1-ABD2-4ACB-B26D-3F498C999BCD}.Release|Any CPU.Build.0 = Release|Any CPU
	EndGlobalSection
	GlobalSection(SolutionProperties) = preSolution
		HideSolutionNode = FALSE
	EndGlobalSection
	GlobalSection(ExtensibilityGlobals) = postSolution
		SolutionGuid = {3DDE7D55-DADC-4EDD-94E0-C778EB9722F2}
	EndGlobalSection
EndGlobal
