
Microsoft Visual Studio Solution File, Format Version 12.00
# Visual Studio Version 17
VisualStudioVersion = 17.13.35806.99
MinimumVisualStudioVersion = 10.0.40219.1
Project("{2150E333-8FDC-42A3-9474-1A3956D46DE8}") = "OrderMicroservice", "OrderMicroservice", "{02EA681E-C7D8-13C7-8484-4AC65E1B71E8}"
EndProject
Project("{2150E333-8FDC-42A3-9474-1A3956D46DE8}") = "ProductMicroservice", "ProductMicroservice", "{4AE0BBE1-0FBB-487D-B979-640AADF01C07}"
EndProject
Project("{2150E333-8FDC-42A3-9474-1A3956D46DE8}") = "ShippingMicroservice", "ShippingMicroservice", "{76C647C7-893C-49E3-9401-CCFB2F81CB4F}"
EndProject
Project("{2150E333-8FDC-42A3-9474-1A3956D46DE8}") = "ReviewsMicroservice", "ReviewsMicroservice", "{EB38E463-2707-4A47-8A0F-934E1D135BFA}"
EndProject
Project("{2150E333-8FDC-42A3-9474-1A3956D46DE8}") = "PromotionsMicroservice", "PromotionsMicroservice", "{DD9F0EC4-3F57-4CA3-8FD2-6B1217130A34}"
EndProject
Project("{FAE04EC0-301F-11D3-BF4B-00C04F79EFBC}") = "OrderAPI.ApplicationCore", "OrderMicroservice\OrderAPI.ApplicationCore\OrderAPI.ApplicationCore.csproj", "{4551C873-574D-4D3D-B212-B4F78673786D}"
EndProject
Project("{FAE04EC0-301F-11D3-BF4B-00C04F79EFBC}") = "OrderAPI.Infrastructure", "OrderMicroservice\OrderAPI.Infrastructure\OrderAPI.Infrastructure.csproj", "{CD44F1AE-FB4C-42A3-B5B9-B8271A52B616}"
EndProject
Project("{FAE04EC0-301F-11D3-BF4B-00C04F79EFBC}") = "OrderMicroservice", "OrderMicroservice\OrderMicroservice\OrderMicroservice.csproj", "{7C46FACA-76E7-4B01-8813-590B1146C4CE}"
EndProject
Project("{FAE04EC0-301F-11D3-BF4B-00C04F79EFBC}") = "ProductMicroservice.Infrastructure", "ProductMicroservice\ProductMicroservice.Infrastructure\ProductMicroservice.Infrastructure.csproj", "{1229091F-3969-4B59-B3B9-26E19F8C8547}"
EndProject
Project("{FAE04EC0-301F-11D3-BF4B-00C04F79EFBC}") = "ProductMicroservice", "ProductMicroservice\ProductMicroservice\ProductMicroservice.csproj", "{65395BC9-B255-4FBD-A0E0-BDCF06602AFC}"
EndProject
Project("{FAE04EC0-301F-11D3-BF4B-00C04F79EFBC}") = "ProductMicroservice.ApplicationCore", "ProductMicroservice\ProductService.ApplicationCore\ProductMicroservice.ApplicationCore.csproj", "{5275BA48-F5FE-42CC-B72F-05B5CD3CD921}"
EndProject
Project("{FAE04EC0-301F-11D3-BF4B-00C04F79EFBC}") = "PromotionsMicroservice.Infrastructure", "PromotionsMicroservice\PromotionsMicroservice.Infrastructure\PromotionsMicroservice.Infrastructure.csproj", "{CEA0A8E0-1C6E-4926-8209-39BB72646579}"
EndProject
Project("{FAE04EC0-301F-11D3-BF4B-00C04F79EFBC}") = "PromotionsMicroservice", "PromotionsMicroservice\PromotionsMicroservice\PromotionsMicroservice.csproj", "{D031165D-AAA0-4DEE-BBB9-596416183F36}"
EndProject
Project("{FAE04EC0-301F-11D3-BF4B-00C04F79EFBC}") = "ReviewsMicroservice.ApplicationCore", "ReviewsMicroservice\ReviewsMicroservice.ApplicationCore\ReviewsMicroservice.ApplicationCore.csproj", "{DF2CCA1E-D561-42BC-8489-9B4C24A64636}"
EndProject
Project("{FAE04EC0-301F-11D3-BF4B-00C04F79EFBC}") = "ReviewsMicroservice.Infrastructure", "ReviewsMicroservice\ReviewsMicroservice.Infrastructure\ReviewsMicroservice.Infrastructure.csproj", "{040062EF-DA55-4C21-B19A-916C40797922}"
EndProject
Project("{FAE04EC0-301F-11D3-BF4B-00C04F79EFBC}") = "ReviewsMicroservice", "ReviewsMicroservice\ReviewsMicroservice\ReviewsMicroservice.csproj", "{F7311B4F-95FE-443F-A15A-10473F9697ED}"
EndProject
Project("{FAE04EC0-301F-11D3-BF4B-00C04F79EFBC}") = "ShippingMicroservice.ApplicationCore", "ShippingMicroservice\ShippingMicroservice.ApplicationCore\ShippingMicroservice.ApplicationCore.csproj", "{E7B11825-A661-4FD4-9E7A-8DA436923D73}"
EndProject
Project("{FAE04EC0-301F-11D3-BF4B-00C04F79EFBC}") = "ShippingMicroservice.Infrastructure", "ShippingMicroservice\ShippingMicroservice.Infrastructure\ShippingMicroservice.Infrastructure.csproj", "{61F57C2D-29C0-4253-97B3-F087656D5359}"
EndProject
Project("{FAE04EC0-301F-11D3-BF4B-00C04F79EFBC}") = "ShippingMicroservice", "ShippingMicroservice\ShippingMicroservice\ShippingMicroservice.csproj", "{6F4DB2D3-987A-4C72-82AA-D5AADACD34F8}"
EndProject
Project("{FAE04EC0-301F-11D3-BF4B-00C04F79EFBC}") = "PromotionsMicroservice.ApplicationCore", "PromotionsMicroservice\PromotionsMicroservice.ApplicationCore\PromotionsMicroservice.ApplicationCore.csproj", "{D4E7DB32-C84A-5615-2D1D-0A22DD2297A2}"
EndProject
Project("{E53339B2-1760-4266-BCC7-CA923CBCF16C}") = "docker-compose", "docker-compose.dcproj", "{81DDED9D-158B-E303-5F62-77A2896D2A5A}"
EndProject
Project("{2150E333-8FDC-42A3-9474-1A3956D46DE8}") = "InventoryMicroservice", "InventoryMicroservice", "{B607F438-17FE-47DF-ADD1-7153B16FDD7D}"
EndProject
Project("{FAE04EC0-301F-11D3-BF4B-00C04F79EFBC}") = "InventoryMicroservice", "InventoryMicroservice\InventoryMicroservice\InventoryMicroservice.csproj", "{C7F26900-57B2-4EF2-ADAC-61759FDBDF03}"
EndProject
Project("{FAE04EC0-301F-11D3-BF4B-00C04F79EFBC}") = "SharedNotificationService", "SharedNotificationService\SharedNotificationService.csproj", "{99E60BF5-9B5C-41E9-85A7-C536BEDE1992}"
EndProject
Global
	GlobalSection(SolutionConfigurationPlatforms) = preSolution
		Debug|Any CPU = Debug|Any CPU
		Release|Any CPU = Release|Any CPU
	EndGlobalSection
	GlobalSection(ProjectConfigurationPlatforms) = postSolution
		{4551C873-574D-4D3D-B212-B4F78673786D}.Debug|Any CPU.ActiveCfg = Debug|Any CPU
		{4551C873-574D-4D3D-B212-B4F78673786D}.Debug|Any CPU.Build.0 = Debug|Any CPU
		{4551C873-574D-4D3D-B212-B4F78673786D}.Release|Any CPU.ActiveCfg = Release|Any CPU
		{4551C873-574D-4D3D-B212-B4F78673786D}.Release|Any CPU.Build.0 = Release|Any CPU
		{CD44F1AE-FB4C-42A3-B5B9-B8271A52B616}.Debug|Any CPU.ActiveCfg = Debug|Any CPU
		{CD44F1AE-FB4C-42A3-B5B9-B8271A52B616}.Debug|Any CPU.Build.0 = Debug|Any CPU
		{CD44F1AE-FB4C-42A3-B5B9-B8271A52B616}.Release|Any CPU.ActiveCfg = Release|Any CPU
		{CD44F1AE-FB4C-42A3-B5B9-B8271A52B616}.Release|Any CPU.Build.0 = Release|Any CPU
		{7C46FACA-76E7-4B01-8813-590B1146C4CE}.Debug|Any CPU.ActiveCfg = Debug|Any CPU
		{7C46FACA-76E7-4B01-8813-590B1146C4CE}.Debug|Any CPU.Build.0 = Debug|Any CPU
		{7C46FACA-76E7-4B01-8813-590B1146C4CE}.Release|Any CPU.ActiveCfg = Release|Any CPU
		{7C46FACA-76E7-4B01-8813-590B1146C4CE}.Release|Any CPU.Build.0 = Release|Any CPU
		{1229091F-3969-4B59-B3B9-26E19F8C8547}.Debug|Any CPU.ActiveCfg = Debug|Any CPU
		{1229091F-3969-4B59-B3B9-26E19F8C8547}.Debug|Any CPU.Build.0 = Debug|Any CPU
		{1229091F-3969-4B59-B3B9-26E19F8C8547}.Release|Any CPU.ActiveCfg = Release|Any CPU
		{1229091F-3969-4B59-B3B9-26E19F8C8547}.Release|Any CPU.Build.0 = Release|Any CPU
		{65395BC9-B255-4FBD-A0E0-BDCF06602AFC}.Debug|Any CPU.ActiveCfg = Debug|Any CPU
		{65395BC9-B255-4FBD-A0E0-BDCF06602AFC}.Debug|Any CPU.Build.0 = Debug|Any CPU
		{65395BC9-B255-4FBD-A0E0-BDCF06602AFC}.Release|Any CPU.ActiveCfg = Release|Any CPU
		{65395BC9-B255-4FBD-A0E0-BDCF06602AFC}.Release|Any CPU.Build.0 = Release|Any CPU
		{5275BA48-F5FE-42CC-B72F-05B5CD3CD921}.Debug|Any CPU.ActiveCfg = Debug|Any CPU
		{5275BA48-F5FE-42CC-B72F-05B5CD3CD921}.Debug|Any CPU.Build.0 = Debug|Any CPU
		{5275BA48-F5FE-42CC-B72F-05B5CD3CD921}.Release|Any CPU.ActiveCfg = Release|Any CPU
		{5275BA48-F5FE-42CC-B72F-05B5CD3CD921}.Release|Any CPU.Build.0 = Release|Any CPU
		{CEA0A8E0-1C6E-4926-8209-39BB72646579}.Debug|Any CPU.ActiveCfg = Debug|Any CPU
		{CEA0A8E0-1C6E-4926-8209-39BB72646579}.Debug|Any CPU.Build.0 = Debug|Any CPU
		{CEA0A8E0-1C6E-4926-8209-39BB72646579}.Release|Any CPU.ActiveCfg = Release|Any CPU
		{CEA0A8E0-1C6E-4926-8209-39BB72646579}.Release|Any CPU.Build.0 = Release|Any CPU
		{D031165D-AAA0-4DEE-BBB9-596416183F36}.Debug|Any CPU.ActiveCfg = Debug|Any CPU
		{D031165D-AAA0-4DEE-BBB9-596416183F36}.Debug|Any CPU.Build.0 = Debug|Any CPU
		{D031165D-AAA0-4DEE-BBB9-596416183F36}.Release|Any CPU.ActiveCfg = Release|Any CPU
		{D031165D-AAA0-4DEE-BBB9-596416183F36}.Release|Any CPU.Build.0 = Release|Any CPU
		{DF2CCA1E-D561-42BC-8489-9B4C24A64636}.Debug|Any CPU.ActiveCfg = Debug|Any CPU
		{DF2CCA1E-D561-42BC-8489-9B4C24A64636}.Debug|Any CPU.Build.0 = Debug|Any CPU
		{DF2CCA1E-D561-42BC-8489-9B4C24A64636}.Release|Any CPU.ActiveCfg = Release|Any CPU
		{DF2CCA1E-D561-42BC-8489-9B4C24A64636}.Release|Any CPU.Build.0 = Release|Any CPU
		{040062EF-DA55-4C21-B19A-916C40797922}.Debug|Any CPU.ActiveCfg = Debug|Any CPU
		{040062EF-DA55-4C21-B19A-916C40797922}.Debug|Any CPU.Build.0 = Debug|Any CPU
		{040062EF-DA55-4C21-B19A-916C40797922}.Release|Any CPU.ActiveCfg = Release|Any CPU
		{040062EF-DA55-4C21-B19A-916C40797922}.Release|Any CPU.Build.0 = Release|Any CPU
		{F7311B4F-95FE-443F-A15A-10473F9697ED}.Debug|Any CPU.ActiveCfg = Debug|Any CPU
		{F7311B4F-95FE-443F-A15A-10473F9697ED}.Debug|Any CPU.Build.0 = Debug|Any CPU
		{F7311B4F-95FE-443F-A15A-10473F9697ED}.Release|Any CPU.ActiveCfg = Release|Any CPU
		{F7311B4F-95FE-443F-A15A-10473F9697ED}.Release|Any CPU.Build.0 = Release|Any CPU
		{E7B11825-A661-4FD4-9E7A-8DA436923D73}.Debug|Any CPU.ActiveCfg = Debug|Any CPU
		{E7B11825-A661-4FD4-9E7A-8DA436923D73}.Debug|Any CPU.Build.0 = Debug|Any CPU
		{E7B11825-A661-4FD4-9E7A-8DA436923D73}.Release|Any CPU.ActiveCfg = Release|Any CPU
		{E7B11825-A661-4FD4-9E7A-8DA436923D73}.Release|Any CPU.Build.0 = Release|Any CPU
		{61F57C2D-29C0-4253-97B3-F087656D5359}.Debug|Any CPU.ActiveCfg = Debug|Any CPU
		{61F57C2D-29C0-4253-97B3-F087656D5359}.Debug|Any CPU.Build.0 = Debug|Any CPU
		{61F57C2D-29C0-4253-97B3-F087656D5359}.Release|Any CPU.ActiveCfg = Release|Any CPU
		{61F57C2D-29C0-4253-97B3-F087656D5359}.Release|Any CPU.Build.0 = Release|Any CPU
		{6F4DB2D3-987A-4C72-82AA-D5AADACD34F8}.Debug|Any CPU.ActiveCfg = Debug|Any CPU
		{6F4DB2D3-987A-4C72-82AA-D5AADACD34F8}.Debug|Any CPU.Build.0 = Debug|Any CPU
		{6F4DB2D3-987A-4C72-82AA-D5AADACD34F8}.Release|Any CPU.ActiveCfg = Release|Any CPU
		{6F4DB2D3-987A-4C72-82AA-D5AADACD34F8}.Release|Any CPU.Build.0 = Release|Any CPU
		{D4E7DB32-C84A-5615-2D1D-0A22DD2297A2}.Debug|Any CPU.ActiveCfg = Debug|Any CPU
		{D4E7DB32-C84A-5615-2D1D-0A22DD2297A2}.Debug|Any CPU.Build.0 = Debug|Any CPU
		{D4E7DB32-C84A-5615-2D1D-0A22DD2297A2}.Release|Any CPU.ActiveCfg = Release|Any CPU
		{D4E7DB32-C84A-5615-2D1D-0A22DD2297A2}.Release|Any CPU.Build.0 = Release|Any CPU
		{81DDED9D-158B-E303-5F62-77A2896D2A5A}.Debug|Any CPU.ActiveCfg = Debug|Any CPU
		{81DDED9D-158B-E303-5F62-77A2896D2A5A}.Debug|Any CPU.Build.0 = Debug|Any CPU
		{81DDED9D-158B-E303-5F62-77A2896D2A5A}.Release|Any CPU.ActiveCfg = Release|Any CPU
		{81DDED9D-158B-E303-5F62-77A2896D2A5A}.Release|Any CPU.Build.0 = Release|Any CPU
		{C7F26900-57B2-4EF2-ADAC-61759FDBDF03}.Debug|Any CPU.ActiveCfg = Debug|Any CPU
		{C7F26900-57B2-4EF2-ADAC-61759FDBDF03}.Debug|Any CPU.Build.0 = Debug|Any CPU
		{C7F26900-57B2-4EF2-ADAC-61759FDBDF03}.Release|Any CPU.ActiveCfg = Release|Any CPU
		{C7F26900-57B2-4EF2-ADAC-61759FDBDF03}.Release|Any CPU.Build.0 = Release|Any CPU
		{99E60BF5-9B5C-41E9-85A7-C536BEDE1992}.Debug|Any CPU.ActiveCfg = Debug|Any CPU
		{99E60BF5-9B5C-41E9-85A7-C536BEDE1992}.Debug|Any CPU.Build.0 = Debug|Any CPU
		{99E60BF5-9B5C-41E9-85A7-C536BEDE1992}.Release|Any CPU.ActiveCfg = Release|Any CPU
		{99E60BF5-9B5C-41E9-85A7-C536BEDE1992}.Release|Any CPU.Build.0 = Release|Any CPU
	EndGlobalSection
	GlobalSection(SolutionProperties) = preSolution
		HideSolutionNode = FALSE
	EndGlobalSection
	GlobalSection(NestedProjects) = preSolution
		{4551C873-574D-4D3D-B212-B4F78673786D} = {02EA681E-C7D8-13C7-8484-4AC65E1B71E8}
		{CD44F1AE-FB4C-42A3-B5B9-B8271A52B616} = {02EA681E-C7D8-13C7-8484-4AC65E1B71E8}
		{7C46FACA-76E7-4B01-8813-590B1146C4CE} = {02EA681E-C7D8-13C7-8484-4AC65E1B71E8}
		{1229091F-3969-4B59-B3B9-26E19F8C8547} = {4AE0BBE1-0FBB-487D-B979-640AADF01C07}
		{65395BC9-B255-4FBD-A0E0-BDCF06602AFC} = {4AE0BBE1-0FBB-487D-B979-640AADF01C07}
		{5275BA48-F5FE-42CC-B72F-05B5CD3CD921} = {4AE0BBE1-0FBB-487D-B979-640AADF01C07}
		{CEA0A8E0-1C6E-4926-8209-39BB72646579} = {DD9F0EC4-3F57-4CA3-8FD2-6B1217130A34}
		{D031165D-AAA0-4DEE-BBB9-596416183F36} = {DD9F0EC4-3F57-4CA3-8FD2-6B1217130A34}
		{DF2CCA1E-D561-42BC-8489-9B4C24A64636} = {EB38E463-2707-4A47-8A0F-934E1D135BFA}
		{040062EF-DA55-4C21-B19A-916C40797922} = {EB38E463-2707-4A47-8A0F-934E1D135BFA}
		{F7311B4F-95FE-443F-A15A-10473F9697ED} = {EB38E463-2707-4A47-8A0F-934E1D135BFA}
		{E7B11825-A661-4FD4-9E7A-8DA436923D73} = {76C647C7-893C-49E3-9401-CCFB2F81CB4F}
		{61F57C2D-29C0-4253-97B3-F087656D5359} = {76C647C7-893C-49E3-9401-CCFB2F81CB4F}
		{6F4DB2D3-987A-4C72-82AA-D5AADACD34F8} = {76C647C7-893C-49E3-9401-CCFB2F81CB4F}
		{D4E7DB32-C84A-5615-2D1D-0A22DD2297A2} = {DD9F0EC4-3F57-4CA3-8FD2-6B1217130A34}
		{C7F26900-57B2-4EF2-ADAC-61759FDBDF03} = {B607F438-17FE-47DF-ADD1-7153B16FDD7D}
	EndGlobalSection
	GlobalSection(ExtensibilityGlobals) = postSolution
		SolutionGuid = {3DDE7D55-DADC-4EDD-94E0-C778EB9722F2}
	EndGlobalSection
EndGlobal
