
Microsoft Visual Studio Solution File, Format Version 12.00
# Visual Studio Version 17
VisualStudioVersion = 17.13.35806.99
MinimumVisualStudioVersion = 10.0.40219.1
Project("{2150E333-8FDC-42A3-9474-1A3956D46DE8}") = "OrderMicroservice", "OrderMicroservice", "{02EA681E-C7D8-13C7-8484-4AC65E1B71E8}"
EndProject
Project("{2150E333-8FDC-42A3-9474-1A3956D46DE8}") = "ProductMicroservice", "ProductMicroservice", "{4AE0BBE1-0FBB-487D-B979-640AADF01C07}"
EndProject
Project("{2150E333-8FDC-42A3-9474-1A3956D46DE8}") = "ShippingMicroservice", "ShippingMicroservice", "{76C647C7-893C-49E3-9401-CCFB2F81CB4F}"
EndProject
Project("{2150E333-8FDC-42A3-9474-1A3956D46DE8}") = "ReviewsMicroservice", "ReviewsMicroservice", "{EB38E463-2707-4A47-8A0F-934E1D135BFA}"
EndProject
Project("{2150E333-8FDC-42A3-9474-1A3956D46DE8}") = "PromotionsMicroservice", "PromotionsMicroservice", "{DD9F0EC4-3F57-4CA3-8FD2-6B1217130A34}"
EndProject
Project("{FAE04EC0-301F-11D3-BF4B-00C04F79EFBC}") = "OrderAPI.ApplicationCore", "OrderMicroservice\OrderAPI.ApplicationCore\OrderAPI.ApplicationCore.csproj", "{4551C873-574D-4D3D-B212-B4F78673786D}"
EndProject
Project("{FAE04EC0-301F-11D3-BF4B-00C04F79EFBC}") = "OrderAPI.Infrastructure", "OrderMicroservice\OrderAPI.Infrastructure\OrderAPI.Infrastructure.csproj", "{CD44F1AE-FB4C-42A3-B5B9-B8271A52B616}"
EndProject
Project("{FAE04EC0-301F-11D3-BF4B-00C04F79EFBC}") = "OrderMicroservice", "OrderMicroservice\OrderMicroservice\OrderMicroservice.csproj", "{7C46FACA-76E7-4B01-8813-590B1146C4CE}"
EndProject
Project("{FAE04EC0-301F-11D3-BF4B-00C04F79EFBC}") = "ProductMicroservice.Infrastructure", "ProductMicroservice\ProductMicroservice.Infrastructure\ProductMicroservice.Infrastructure.csproj", "{1229091F-3969-4B59-B3B9-26E19F8C8547}"
EndProject
Project("{FAE04EC0-301F-11D3-BF4B-00C04F79EFBC}") = "ProductMicroservice", "ProductMicroservice\ProductMicroservice\ProductMicroservice.csproj", "{65395BC9-B255-4FBD-A0E0-BDCF06602AFC}"
EndProject
Project("{FAE04EC0-301F-11D3-BF4B-00C04F79EFBC}") = "ProductMicroservice.ApplicationCore", "ProductMicroservice\ProductService.ApplicationCore\ProductMicroservice.ApplicationCore.csproj", "{5275BA48-F5FE-42CC-B72F-05B5CD3CD921}"
EndProject
Global
	GlobalSection(SolutionConfigurationPlatforms) = preSolution
		Debug|Any CPU = Debug|Any CPU
		Release|Any CPU = Release|Any CPU
	EndGlobalSection
	GlobalSection(ProjectConfigurationPlatforms) = postSolution
		{4551C873-574D-4D3D-B212-B4F78673786D}.Debug|Any CPU.ActiveCfg = Debug|Any CPU
		{4551C873-574D-4D3D-B212-B4F78673786D}.Debug|Any CPU.Build.0 = Debug|Any CPU
		{4551C873-574D-4D3D-B212-B4F78673786D}.Release|Any CPU.ActiveCfg = Release|Any CPU
		{4551C873-574D-4D3D-B212-B4F78673786D}.Release|Any CPU.Build.0 = Release|Any CPU
		{CD44F1AE-FB4C-42A3-B5B9-B8271A52B616}.Debug|Any CPU.ActiveCfg = Debug|Any CPU
		{CD44F1AE-FB4C-42A3-B5B9-B8271A52B616}.Debug|Any CPU.Build.0 = Debug|Any CPU
		{CD44F1AE-FB4C-42A3-B5B9-B8271A52B616}.Release|Any CPU.ActiveCfg = Release|Any CPU
		{CD44F1AE-FB4C-42A3-B5B9-B8271A52B616}.Release|Any CPU.Build.0 = Release|Any CPU
		{7C46FACA-76E7-4B01-8813-590B1146C4CE}.Debug|Any CPU.ActiveCfg = Debug|Any CPU
		{7C46FACA-76E7-4B01-8813-590B1146C4CE}.Debug|Any CPU.Build.0 = Debug|Any CPU
		{7C46FACA-76E7-4B01-8813-590B1146C4CE}.Release|Any CPU.ActiveCfg = Release|Any CPU
		{7C46FACA-76E7-4B01-8813-590B1146C4CE}.Release|Any CPU.Build.0 = Release|Any CPU
		{1229091F-3969-4B59-B3B9-26E19F8C8547}.Debug|Any CPU.ActiveCfg = Debug|Any CPU
		{1229091F-3969-4B59-B3B9-26E19F8C8547}.Debug|Any CPU.Build.0 = Debug|Any CPU
		{1229091F-3969-4B59-B3B9-26E19F8C8547}.Release|Any CPU.ActiveCfg = Release|Any CPU
		{1229091F-3969-4B59-B3B9-26E19F8C8547}.Release|Any CPU.Build.0 = Release|Any CPU
		{65395BC9-B255-4FBD-A0E0-BDCF06602AFC}.Debug|Any CPU.ActiveCfg = Debug|Any CPU
		{65395BC9-B255-4FBD-A0E0-BDCF06602AFC}.Debug|Any CPU.Build.0 = Debug|Any CPU
		{65395BC9-B255-4FBD-A0E0-BDCF06602AFC}.Release|Any CPU.ActiveCfg = Release|Any CPU
		{65395BC9-B255-4FBD-A0E0-BDCF06602AFC}.Release|Any CPU.Build.0 = Release|Any CPU
		{5275BA48-F5FE-42CC-B72F-05B5CD3CD921}.Debug|Any CPU.ActiveCfg = Debug|Any CPU
		{5275BA48-F5FE-42CC-B72F-05B5CD3CD921}.Debug|Any CPU.Build.0 = Debug|Any CPU
		{5275BA48-F5FE-42CC-B72F-05B5CD3CD921}.Release|Any CPU.ActiveCfg = Release|Any CPU
		{5275BA48-F5FE-42CC-B72F-05B5CD3CD921}.Release|Any CPU.Build.0 = Release|Any CPU
	EndGlobalSection
	GlobalSection(SolutionProperties) = preSolution
		HideSolutionNode = FALSE
	EndGlobalSection
	GlobalSection(NestedProjects) = preSolution
		{4551C873-574D-4D3D-B212-B4F78673786D} = {02EA681E-C7D8-13C7-8484-4AC65E1B71E8}
		{CD44F1AE-FB4C-42A3-B5B9-B8271A52B616} = {02EA681E-C7D8-13C7-8484-4AC65E1B71E8}
		{7C46FACA-76E7-4B01-8813-590B1146C4CE} = {02EA681E-C7D8-13C7-8484-4AC65E1B71E8}
		{1229091F-3969-4B59-B3B9-26E19F8C8547} = {4AE0BBE1-0FBB-487D-B979-640AADF01C07}
		{65395BC9-B255-4FBD-A0E0-BDCF06602AFC} = {4AE0BBE1-0FBB-487D-B979-640AADF01C07}
		{5275BA48-F5FE-42CC-B72F-05B5CD3CD921} = {4AE0BBE1-0FBB-487D-B979-640AADF01C07}
	EndGlobalSection
	GlobalSection(ExtensibilityGlobals) = postSolution
		SolutionGuid = {3DDE7D55-DADC-4EDD-94E0-C778EB9722F2}
	EndGlobalSection
EndGlobal
